{
  "name": "Behavior_Tracking_App",
  "lockfileVersion": 3,
  "requires": true,
  "packages": {
    "": {
      "dependencies": {
        "@primeuix/themes": "^1.0.0"
      }
    },
    "node_modules/@primeuix/styled": {
      "version": "0.5.0",
      "resolved": "https://registry.npmjs.org/@primeuix/styled/-/styled-0.5.0.tgz",
      "integrity": "sha512-k5CTQ+10cXIXxZTep7sktmYe8lJkjmUaFVDAc1OCsWTJR+bhBy/s6zWIatGljVtuf3RmTSxtlrHQeFLjPmdUNQ==",
      "license": "MIT",
      "dependencies": {
        "@primeuix/utils": "^0.5.0"
      },
      "engines": {
        "node": ">=12.11.0"
      }
    },
    "node_modules/@primeuix/themes": {
      "version": "1.0.0",
      "resolved": "https://registry.npmjs.org/@primeuix/themes/-/themes-1.0.0.tgz",
      "integrity": "sha512-fxUgcAP9H6FeytbE8c4QvRt8aBnoyZJqvtnnVwHT8PHr1dNSnC1nYKGrXpebcx3SpNy9Hp9oVidGsl6u61+pXQ==",
      "license": "MIT",
      "dependencies": {
        "@primeuix/styled": "^0.5.0"
      }
    },
    "node_modules/@primeuix/utils": {
      "version": "0.5.1",
      "resolved": "https://registry.npmjs.org/@primeuix/utils/-/utils-0.5.1.tgz",
      "integrity": "sha512-/bYirtF3gJOGrRQfQ5tUyQOLEria7wg/UCqvpIydTAxLmj/UWgWwh2kAjYVp49eldm1+2sk4+TDkbAz8XcPpew==",
      "license": "MIT",
      "engines": {
        "node": ">=12.11.0"
      }
    }
  }
}
